{
  "name": "crystal-workspace",
  "version": "2.0.0-alpha.1",
  "lockfileVersion": 3,
  "requires": true,
  "packages": {
    "": {
      "name": "crystal-workspace",
      "devDependencies": {
        "gsap": "3.15.0",
        "lucide-static": "^1.47.0",
        "motion": "13.4.0"
      }
    },
    "node_modules/framer-motion": {
      "version": "13.4.0",
      "resolved": "https://registry.npmjs.org/framer-motion/-/framer-motion-13.4.0.tgz",
      "integrity": "sha512-HCpqKM9BTu6UYKtj0u6J1QNxojnnirNcghcSDZ+SkpiL3myxvtsgXPS3ZGEELC2eSma7YiA937rAEXtRyydSXQ==",
      "dev": true,
      "license": "MIT",
      "dependencies": {
        "motion-dom": "^13.3.0",
        "motion-utils": "^13.3.0",
        "tslib": "^2.4.0"
      },
      "peerDependencies": {
        "react": "^18.0.0 || ^19.0.0",
        "react-dom": "^18.0.0 || ^19.0.0"
      },
      "peerDependenciesMeta": {
        "react": {
          "optional": true
        },
        "react-dom": {
          "optional": true
        }
      }
    },
    "node_modules/gsap": {
      "version": "3.15.0",
      "resolved": "https://registry.npmjs.org/gsap/-/gsap-3.15.0.tgz",
      "integrity": "sha512-dMW4CWBTUK1AEEDeZc1g4xpPGIrSf9fJF960qbTZmN/QwZIWY5wgliS6JWl9/25fpTGJrMRtSjGtOmPnfjZB+A==",
      "dev": true,
      "license": "Standard 'no charge' license: https://gsap.com/standard-license."
    },
    "node_modules/lucide-static": {
      "version": "1.47.0",
      "resolved": "https://registry.npmjs.org/lucide-static/-/lucide-static-1.47.0.tgz",
      "integrity": "sha512-yWIrkdXc688Feq5VjOktsKmV5Ikc7y5Nu3rrdtbr8nWjkJWk8QlnZfVtIak22Af+fNhZ7k4cTJpZo1zmj7X5sA==",
      "dev": true,
      "license": "ISC"
    },
    "node_modules/motion": {
      "version": "13.4.0",
      "resolved": "https://registry.npmjs.org/motion/-/motion-13.4.0.tgz",
      "integrity": "sha512-aiNSA29N+vgV5p5cJSB5cFzx8KTuuxB99z8zGtxsaqlwKtBK6sq8YgPRpkVQLkbJMOcLDU0q/ShdT95qpBy/0g==",
      "dev": true,
      "license": "MIT",
      "dependencies": {
        "framer-motion": "^13.4.0",
        "tslib": "^2.4.0"
      },
      "peerDependencies": {
        "react": "^18.0.0 || ^19.0.0",
        "react-dom": "^18.0.0 || ^19.0.0"
      },
      "peerDependenciesMeta": {
        "react": {
          "optional": true
        },
        "react-dom": {
          "optional": true
        }
      }
    },
    "node_modules/motion-dom": {
      "version": "13.3.0",
      "resolved": "https://registry.npmjs.org/motion-dom/-/motion-dom-13.3.0.tgz",
      "integrity": "sha512-AmAnB6pHdZ1vHGzWzuzteG6Q3j1lHKeX/lbST6jGlgm0cjvLUgaCk1xhOuPMOy5SgovN6wnnUdwFrkcsus7Ftg==",
      "dev": true,
      "license": "MIT",
      "dependencies": {
        "motion-utils": "^13.3.0"
      }
    },
    "node_modules/motion-utils": {
      "version": "13.3.0",
      "resolved": "https://registry.npmjs.org/motion-utils/-/motion-utils-13.3.0.tgz",
      "integrity": "sha512-sgSschQp7EseHInIlR7hBbMuvet3RA0bs28KPZAXJcGKGdxHGvh1ogpYDilY3bOMtl73EqPNmp75sAKHYPU5sg==",
      "dev": true,
      "license": "MIT"
    },
    "node_modules/tslib": {
      "version": "2.8.1",
      "resolved": "https://registry.npmjs.org/tslib/-/tslib-2.8.1.tgz",
      "integrity": "sha512-oJFu94HQb+KVduSUQL7wnpmqnfmLsOA/nAh6b6EH0wCEoK0/mPeXU6c3wKDV83MkOuHPRHtSXKKU99IBazS/2w==",
      "dev": true,
      "license": "0BSD"
    }
  }
}
